
Microsoft Visual Studio Solution File, Format Version 12.00
# Visual Studio Version 17
VisualStudioVersion = 17.2.32526.322
MinimumVisualStudioVersion = 10.0.40219.1
Project("{2150E333-8FDC-42A3-9474-1A3956D46DE8}") = "src", "src", "{4D1C8DEC-515B-40C8-A12F-C1DE0A2F3595}"
EndProject
Project("{2150E333-8FDC-42A3-9474-1A3956D46DE8}") = "client", "client", "{C39FFC95-2B4D-489C-BC01-BEF8AE1DC455}"
EndProject
Project("{2150E333-8FDC-42A3-9474-1A3956D46DE8}") = "backend", "backend", "{6D0E83C0-1457-4B69-A9BF-728B4CFECE4F}"
EndProject
Project("{54A90642-561A-4BB1-A94E-469ADEE60C69}") = "ipass", "src\client\ipass\ipass.esproj", "{409CA432-2AD6-4697-965A-55AEE6CED4E8}"
EndProject
Project("{2150E333-8FDC-42A3-9474-1A3956D46DE8}") = "app", "app", "{87277969-9102-4F26-941A-078E573A9795}"
EndProject
Project("{2150E333-8FDC-42A3-9474-1A3956D46DE8}") = "business", "business", "{92DE156F-ABB7-40B9-BF00-553925E3A443}"
	ProjectSection(SolutionItems) = preProject
		src\backend\app\Patika.AuthenticationServer\Startup.cs = src\backend\app\Patika.AuthenticationServer\Startup.cs
	EndProjectSection
EndProject
Project("{9A19103F-16F7-4668-BE54-9A1E7A4F7556}") = "IPass.Application", "src\backend\business\IPass.Application\IPass.Application.csproj", "{04CA43C1-707D-4FAC-8249-4392E5196F49}"
EndProject
Project("{2150E333-8FDC-42A3-9474-1A3956D46DE8}") = "patika", "patika", "{B2474454-31C2-40ED-BEB5-0298C845EEBD}"
EndProject
Project("{9A19103F-16F7-4668-BE54-9A1E7A4F7556}") = "Patika.Application", "src\backend\business\Patika\Patika.Application\Patika.Application.csproj", "{57AF46F3-29CA-49EA-9A3F-82D7BD2F818B}"
EndProject
Project("{9A19103F-16F7-4668-BE54-9A1E7A4F7556}") = "Patika.Application.Contracts", "src\backend\business\Patika\Patika.Application.Contracts\Patika.Application.Contracts.csproj", "{ABC69E8E-C9BB-4804-94BD-85C9BDEC1ED3}"
EndProject
Project("{9A19103F-16F7-4668-BE54-9A1E7A4F7556}") = "Patika.EF.Shared", "src\backend\business\Patika\Patika.EF.Shared\Patika.EF.Shared.csproj", "{EBB3B2B5-B2A6-4974-A06C-966EB740C744}"
EndProject
Project("{9A19103F-16F7-4668-BE54-9A1E7A4F7556}") = "Patika.IdentityServer.Shared", "src\backend\business\Patika\Patika.IdentityServer.Shared\Patika.IdentityServer.Shared.csproj", "{6986A989-1F58-45C8-9EC0-A6C80047D46D}"
EndProject
Project("{9A19103F-16F7-4668-BE54-9A1E7A4F7556}") = "Patika.Shared", "src\backend\business\Patika\Patika.Shared\Patika.Shared.csproj", "{A3808916-1A36-43BE-8C2F-8B6F5DD728CE}"
EndProject
Project("{9A19103F-16F7-4668-BE54-9A1E7A4F7556}") = "IPass.Application.Contracts", "src\backend\business\IPass.Application.Contracts\IPass.Application.Contracts.csproj", "{7D6A98C6-B966-4EF1-9D77-F97A08F97F22}"
EndProject
Project("{9A19103F-16F7-4668-BE54-9A1E7A4F7556}") = "IPass.BackgroundJob", "src\backend\business\IPass.BackgroundJob\IPass.BackgroundJob.csproj", "{D5AD8124-3D62-4AE8-AA5F-B2F0D766B514}"
EndProject
Project("{9A19103F-16F7-4668-BE54-9A1E7A4F7556}") = "IPass.Domain", "src\backend\business\IPass.Domain\IPass.Domain.csproj", "{E9AB7C26-0291-4EB4-A2A9-540207AD3FFD}"
EndProject
Project("{9A19103F-16F7-4668-BE54-9A1E7A4F7556}") = "IPass.EFRepositories", "src\backend\business\IPass.EFRepositories\IPass.EFRepositories.csproj", "{22B8CC5E-1A14-46EE-9947-5ED1082F4EAB}"
EndProject
Project("{9A19103F-16F7-4668-BE54-9A1E7A4F7556}") = "IPass.Shared", "src\backend\business\IPass.Shared\IPass.Shared.csproj", "{FB5314F0-13A3-4A9D-86E8-50F08A243367}"
EndProject
Project("{9A19103F-16F7-4668-BE54-9A1E7A4F7556}") = "IPass.WebApp", "src\backend\app\IPass.WebApp\IPass.WebApp.csproj", "{E25D68D1-3B37-4856-AE57-913FBD0BE6FD}"
EndProject
Project("{9A19103F-16F7-4668-BE54-9A1E7A4F7556}") = "Patika.AuthenticationServer", "src\backend\app\Patika.AuthenticationServer\Patika.AuthenticationServer.csproj", "{0B860BE9-DAAF-437B-A176-FD7E60E37FCD}"
EndProject
Project("{2150E333-8FDC-42A3-9474-1A3956D46DE8}") = "gateway", "gateway", "{CBE29604-9DCD-4E9A-BAC9-84A0967A8368}"
EndProject
Project("{2150E333-8FDC-42A3-9474-1A3956D46DE8}") = "IPass.PublicGateway", "IPass.PublicGateway", "{3D4FD984-548D-4473-B330-8C189B8C4809}"
EndProject
Project("{9A19103F-16F7-4668-BE54-9A1E7A4F7556}") = "IPass.PublicGateway", "src\backend\gateway\IPass.PublicGateway\IPass.PublicGateway.csproj", "{BD6E016C-DC38-4FF6-B2FB-BF4507FA3633}"
EndProject
Global
	GlobalSection(SolutionConfigurationPlatforms) = preSolution
		Debug|Any CPU = Debug|Any CPU
		Release|Any CPU = Release|Any CPU
	EndGlobalSection
	GlobalSection(ProjectConfigurationPlatforms) = postSolution
		{409CA432-2AD6-4697-965A-55AEE6CED4E8}.Debug|Any CPU.ActiveCfg = Debug|Any CPU
		{409CA432-2AD6-4697-965A-55AEE6CED4E8}.Debug|Any CPU.Build.0 = Debug|Any CPU
		{409CA432-2AD6-4697-965A-55AEE6CED4E8}.Debug|Any CPU.Deploy.0 = Debug|Any CPU
		{409CA432-2AD6-4697-965A-55AEE6CED4E8}.Release|Any CPU.ActiveCfg = Release|Any CPU
		{409CA432-2AD6-4697-965A-55AEE6CED4E8}.Release|Any CPU.Build.0 = Release|Any CPU
		{409CA432-2AD6-4697-965A-55AEE6CED4E8}.Release|Any CPU.Deploy.0 = Release|Any CPU
		{04CA43C1-707D-4FAC-8249-4392E5196F49}.Debug|Any CPU.ActiveCfg = Debug|Any CPU
		{04CA43C1-707D-4FAC-8249-4392E5196F49}.Debug|Any CPU.Build.0 = Debug|Any CPU
		{04CA43C1-707D-4FAC-8249-4392E5196F49}.Release|Any CPU.ActiveCfg = Release|Any CPU
		{04CA43C1-707D-4FAC-8249-4392E5196F49}.Release|Any CPU.Build.0 = Release|Any CPU
		{57AF46F3-29CA-49EA-9A3F-82D7BD2F818B}.Debug|Any CPU.ActiveCfg = Debug|Any CPU
		{57AF46F3-29CA-49EA-9A3F-82D7BD2F818B}.Debug|Any CPU.Build.0 = Debug|Any CPU
		{57AF46F3-29CA-49EA-9A3F-82D7BD2F818B}.Release|Any CPU.ActiveCfg = Release|Any CPU
		{57AF46F3-29CA-49EA-9A3F-82D7BD2F818B}.Release|Any CPU.Build.0 = Release|Any CPU
		{ABC69E8E-C9BB-4804-94BD-85C9BDEC1ED3}.Debug|Any CPU.ActiveCfg = Debug|Any CPU
		{ABC69E8E-C9BB-4804-94BD-85C9BDEC1ED3}.Debug|Any CPU.Build.0 = Debug|Any CPU
		{ABC69E8E-C9BB-4804-94BD-85C9BDEC1ED3}.Release|Any CPU.ActiveCfg = Release|Any CPU
		{ABC69E8E-C9BB-4804-94BD-85C9BDEC1ED3}.Release|Any CPU.Build.0 = Release|Any CPU
		{EBB3B2B5-B2A6-4974-A06C-966EB740C744}.Debug|Any CPU.ActiveCfg = Debug|Any CPU
		{EBB3B2B5-B2A6-4974-A06C-966EB740C744}.Debug|Any CPU.Build.0 = Debug|Any CPU
		{EBB3B2B5-B2A6-4974-A06C-966EB740C744}.Release|Any CPU.ActiveCfg = Release|Any CPU
		{EBB3B2B5-B2A6-4974-A06C-966EB740C744}.Release|Any CPU.Build.0 = Release|Any CPU
		{6986A989-1F58-45C8-9EC0-A6C80047D46D}.Debug|Any CPU.ActiveCfg = Debug|Any CPU
		{6986A989-1F58-45C8-9EC0-A6C80047D46D}.Debug|Any CPU.Build.0 = Debug|Any CPU
		{6986A989-1F58-45C8-9EC0-A6C80047D46D}.Release|Any CPU.ActiveCfg = Release|Any CPU
		{6986A989-1F58-45C8-9EC0-A6C80047D46D}.Release|Any CPU.Build.0 = Release|Any CPU
		{A3808916-1A36-43BE-8C2F-8B6F5DD728CE}.Debug|Any CPU.ActiveCfg = Debug|Any CPU
		{A3808916-1A36-43BE-8C2F-8B6F5DD728CE}.Debug|Any CPU.Build.0 = Debug|Any CPU
		{A3808916-1A36-43BE-8C2F-8B6F5DD728CE}.Release|Any CPU.ActiveCfg = Release|Any CPU
		{A3808916-1A36-43BE-8C2F-8B6F5DD728CE}.Release|Any CPU.Build.0 = Release|Any CPU
		{7D6A98C6-B966-4EF1-9D77-F97A08F97F22}.Debug|Any CPU.ActiveCfg = Debug|Any CPU
		{7D6A98C6-B966-4EF1-9D77-F97A08F97F22}.Debug|Any CPU.Build.0 = Debug|Any CPU
		{7D6A98C6-B966-4EF1-9D77-F97A08F97F22}.Release|Any CPU.ActiveCfg = Release|Any CPU
		{7D6A98C6-B966-4EF1-9D77-F97A08F97F22}.Release|Any CPU.Build.0 = Release|Any CPU
		{D5AD8124-3D62-4AE8-AA5F-B2F0D766B514}.Debug|Any CPU.ActiveCfg = Debug|Any CPU
		{D5AD8124-3D62-4AE8-AA5F-B2F0D766B514}.Debug|Any CPU.Build.0 = Debug|Any CPU
		{D5AD8124-3D62-4AE8-AA5F-B2F0D766B514}.Release|Any CPU.ActiveCfg = Release|Any CPU
		{D5AD8124-3D62-4AE8-AA5F-B2F0D766B514}.Release|Any CPU.Build.0 = Release|Any CPU
		{E9AB7C26-0291-4EB4-A2A9-540207AD3FFD}.Debug|Any CPU.ActiveCfg = Debug|Any CPU
		{E9AB7C26-0291-4EB4-A2A9-540207AD3FFD}.Debug|Any CPU.Build.0 = Debug|Any CPU
		{E9AB7C26-0291-4EB4-A2A9-540207AD3FFD}.Release|Any CPU.ActiveCfg = Release|Any CPU
		{E9AB7C26-0291-4EB4-A2A9-540207AD3FFD}.Release|Any CPU.Build.0 = Release|Any CPU
		{22B8CC5E-1A14-46EE-9947-5ED1082F4EAB}.Debug|Any CPU.ActiveCfg = Debug|Any CPU
		{22B8CC5E-1A14-46EE-9947-5ED1082F4EAB}.Debug|Any CPU.Build.0 = Debug|Any CPU
		{22B8CC5E-1A14-46EE-9947-5ED1082F4EAB}.Release|Any CPU.ActiveCfg = Release|Any CPU
		{22B8CC5E-1A14-46EE-9947-5ED1082F4EAB}.Release|Any CPU.Build.0 = Release|Any CPU
		{FB5314F0-13A3-4A9D-86E8-50F08A243367}.Debug|Any CPU.ActiveCfg = Debug|Any CPU
		{FB5314F0-13A3-4A9D-86E8-50F08A243367}.Debug|Any CPU.Build.0 = Debug|Any CPU
		{FB5314F0-13A3-4A9D-86E8-50F08A243367}.Release|Any CPU.ActiveCfg = Release|Any CPU
		{FB5314F0-13A3-4A9D-86E8-50F08A243367}.Release|Any CPU.Build.0 = Release|Any CPU
		{E25D68D1-3B37-4856-AE57-913FBD0BE6FD}.Debug|Any CPU.ActiveCfg = Debug|Any CPU
		{E25D68D1-3B37-4856-AE57-913FBD0BE6FD}.Debug|Any CPU.Build.0 = Debug|Any CPU
		{E25D68D1-3B37-4856-AE57-913FBD0BE6FD}.Release|Any CPU.ActiveCfg = Release|Any CPU
		{E25D68D1-3B37-4856-AE57-913FBD0BE6FD}.Release|Any CPU.Build.0 = Release|Any CPU
		{0B860BE9-DAAF-437B-A176-FD7E60E37FCD}.Debug|Any CPU.ActiveCfg = Debug|Any CPU
		{0B860BE9-DAAF-437B-A176-FD7E60E37FCD}.Debug|Any CPU.Build.0 = Debug|Any CPU
		{0B860BE9-DAAF-437B-A176-FD7E60E37FCD}.Release|Any CPU.ActiveCfg = Release|Any CPU
		{0B860BE9-DAAF-437B-A176-FD7E60E37FCD}.Release|Any CPU.Build.0 = Release|Any CPU
		{BD6E016C-DC38-4FF6-B2FB-BF4507FA3633}.Debug|Any CPU.ActiveCfg = Debug|Any CPU
		{BD6E016C-DC38-4FF6-B2FB-BF4507FA3633}.Debug|Any CPU.Build.0 = Debug|Any CPU
		{BD6E016C-DC38-4FF6-B2FB-BF4507FA3633}.Release|Any CPU.ActiveCfg = Release|Any CPU
		{BD6E016C-DC38-4FF6-B2FB-BF4507FA3633}.Release|Any CPU.Build.0 = Release|Any CPU
	EndGlobalSection
	GlobalSection(SolutionProperties) = preSolution
		HideSolutionNode = FALSE
	EndGlobalSection
	GlobalSection(NestedProjects) = preSolution
		{C39FFC95-2B4D-489C-BC01-BEF8AE1DC455} = {4D1C8DEC-515B-40C8-A12F-C1DE0A2F3595}
		{6D0E83C0-1457-4B69-A9BF-728B4CFECE4F} = {4D1C8DEC-515B-40C8-A12F-C1DE0A2F3595}
		{409CA432-2AD6-4697-965A-55AEE6CED4E8} = {C39FFC95-2B4D-489C-BC01-BEF8AE1DC455}
		{87277969-9102-4F26-941A-078E573A9795} = {6D0E83C0-1457-4B69-A9BF-728B4CFECE4F}
		{92DE156F-ABB7-40B9-BF00-553925E3A443} = {6D0E83C0-1457-4B69-A9BF-728B4CFECE4F}
		{04CA43C1-707D-4FAC-8249-4392E5196F49} = {92DE156F-ABB7-40B9-BF00-553925E3A443}
		{B2474454-31C2-40ED-BEB5-0298C845EEBD} = {92DE156F-ABB7-40B9-BF00-553925E3A443}
		{57AF46F3-29CA-49EA-9A3F-82D7BD2F818B} = {B2474454-31C2-40ED-BEB5-0298C845EEBD}
		{ABC69E8E-C9BB-4804-94BD-85C9BDEC1ED3} = {B2474454-31C2-40ED-BEB5-0298C845EEBD}
		{EBB3B2B5-B2A6-4974-A06C-966EB740C744} = {B2474454-31C2-40ED-BEB5-0298C845EEBD}
		{6986A989-1F58-45C8-9EC0-A6C80047D46D} = {B2474454-31C2-40ED-BEB5-0298C845EEBD}
		{A3808916-1A36-43BE-8C2F-8B6F5DD728CE} = {B2474454-31C2-40ED-BEB5-0298C845EEBD}
		{7D6A98C6-B966-4EF1-9D77-F97A08F97F22} = {92DE156F-ABB7-40B9-BF00-553925E3A443}
		{D5AD8124-3D62-4AE8-AA5F-B2F0D766B514} = {92DE156F-ABB7-40B9-BF00-553925E3A443}
		{E9AB7C26-0291-4EB4-A2A9-540207AD3FFD} = {92DE156F-ABB7-40B9-BF00-553925E3A443}
		{22B8CC5E-1A14-46EE-9947-5ED1082F4EAB} = {92DE156F-ABB7-40B9-BF00-553925E3A443}
		{FB5314F0-13A3-4A9D-86E8-50F08A243367} = {92DE156F-ABB7-40B9-BF00-553925E3A443}
		{E25D68D1-3B37-4856-AE57-913FBD0BE6FD} = {87277969-9102-4F26-941A-078E573A9795}
		{0B860BE9-DAAF-437B-A176-FD7E60E37FCD} = {87277969-9102-4F26-941A-078E573A9795}
		{CBE29604-9DCD-4E9A-BAC9-84A0967A8368} = {6D0E83C0-1457-4B69-A9BF-728B4CFECE4F}
		{3D4FD984-548D-4473-B330-8C189B8C4809} = {CBE29604-9DCD-4E9A-BAC9-84A0967A8368}
		{BD6E016C-DC38-4FF6-B2FB-BF4507FA3633} = {3D4FD984-548D-4473-B330-8C189B8C4809}
	EndGlobalSection
	GlobalSection(ExtensibilityGlobals) = postSolution
		SolutionGuid = {6A9E3EC7-716A-4B0F-B26A-7670A07A2C2D}
	EndGlobalSection
EndGlobal
